// !$*UTF8*$!
{
	archiveVersion = 1;
	classes = {
	};
	objectVersion = 46;
	objects = {

/* Begin PBXBuildFile section */
		2A1CF6481DE0B5B6006C7619 /* main.m in Sources */ = {isa = PBXBuildFile; fileRef = 2A1CF6471DE0B5B6006C7619 /* main.m */; };
		2A1CF64B1DE0B5B6006C7619 /* AppDelegate.m in Sources */ = {isa = PBXBuildFile; fileRef = 2A1CF64A1DE0B5B6006C7619 /* AppDelegate.m */; };
		2A1CF6511DE0B5B6006C7619 /* Main.storyboard in Resources */ = {isa = PBXBuildFile; fileRef = 2A1CF64F1DE0B5B6006C7619 /* Main.storyboard */; };
		2A1CF6541DE0B5B6006C7619 /* Vastopa.xcdatamodeld in Sources */ = {isa = PBXBuildFile; fileRef = 2A1CF6521DE0B5B6006C7619 /* Vastopa.xcdatamodeld */; };
		2A1CF6561DE0B5B6006C7619 /* Assets.xcassets in Resources */ = {isa = PBXBuildFile; fileRef = 2A1CF6551DE0B5B6006C7619 /* Assets.xcassets */; };
		2A1CF6591DE0B5B6006C7619 /* LaunchScreen.storyboard in Resources */ = {isa = PBXBuildFile; fileRef = 2A1CF6571DE0B5B6006C7619 /* LaunchScreen.storyboard */; };
		2A1CF6641DE0B5B6006C7619 /* VastopaTests.m in Sources */ = {isa = PBXBuildFile; fileRef = 2A1CF6631DE0B5B6006C7619 /* VastopaTests.m */; };
		2A1CF66F1DE0B5B6006C7619 /* VastopaUITests.m in Sources */ = {isa = PBXBuildFile; fileRef = 2A1CF66E1DE0B5B6006C7619 /* VastopaUITests.m */; };
		2A1CF6881DE0BEBE006C7619 /* AVCustomTableViewCellsViewController.m in Sources */ = {isa = PBXBuildFile; fileRef = 2A1CF6861DE0BEBE006C7619 /* AVCustomTableViewCellsViewController.m */; };
		2A1CF6911DE0FB88006C7619 /* AVEventWithMapTableViewCell.m in Sources */ = {isa = PBXBuildFile; fileRef = 2A1CF6901DE0FB88006C7619 /* AVEventWithMapTableViewCell.m */; };
		2A1CF6951DE10CC0006C7619 /* AVEvent.m in Sources */ = {isa = PBXBuildFile; fileRef = 2A1CF6941DE10CC0006C7619 /* AVEvent.m */; };
/* End PBXBuildFile section */

/* Begin PBXContainerItemProxy section */
		2A1CF6601DE0B5B6006C7619 /* PBXContainerItemProxy */ = {
			isa = PBXContainerItemProxy;
			containerPortal = 2A1CF63B1DE0B5B6006C7619 /* Project object */;
			proxyType = 1;
			remoteGlobalIDString = 2A1CF6421DE0B5B6006C7619;
			remoteInfo = Vastopa;
		};
		2A1CF66B1DE0B5B6006C7619 /* PBXContainerItemProxy */ = {
			isa = PBXContainerItemProxy;
			containerPortal = 2A1CF63B1DE0B5B6006C7619 /* Project object */;
			proxyType = 1;
			remoteGlobalIDString = 2A1CF6421DE0B5B6006C7619;
			remoteInfo = Vastopa;
		};
/* End PBXContainerItemProxy section */

/* Begin PBXFileReference section */
		2A1CF6431DE0B5B6006C7619 /* Vastopa.app */ = {isa = PBXFileReference; explicitFileType = wrapper.application; includeInIndex = 0; path = Vastopa.app; sourceTree = BUILT_PRODUCTS_DIR; };
		2A1CF6471DE0B5B6006C7619 /* main.m */ = {isa = PBXFileReference; lastKnownFileType = sourcecode.c.objc; path = main.m; sourceTree = "<group>"; };
		2A1CF6491DE0B5B6006C7619 /* AppDelegate.h */ = {isa = PBXFileReference; lastKnownFileType = sourcecode.c.h; path = AppDelegate.h; sourceTree = "<group>"; };
		2A1CF64A1DE0B5B6006C7619 /* AppDelegate.m */ = {isa = PBXFileReference; lastKnownFileType = sourcecode.c.objc; path = AppDelegate.m; sourceTree = "<group>"; };
		2A1CF6501DE0B5B6006C7619 /* Base */ = {isa = PBXFileReference; lastKnownFileType = file.storyboard; name = Base; path = Base.lproj/Main.storyboard; sourceTree = "<group>"; };
		2A1CF6531DE0B5B6006C7619 /* Vastopa.xcdatamodel */ = {isa = PBXFileReference; lastKnownFileType = wrapper.xcdatamodel; path = Vastopa.xcdatamodel; sourceTree = "<group>"; };
		2A1CF6551DE0B5B6006C7619 /* Assets.xcassets */ = {isa = PBXFileReference; lastKnownFileType = folder.assetcatalog; path = Assets.xcassets; sourceTree = "<group>"; };
		2A1CF6581DE0B5B6006C7619 /* Base */ = {isa = PBXFileReference; lastKnownFileType = file.storyboard; name = Base; path = Base.lproj/LaunchScreen.storyboard; sourceTree = "<group>"; };
		2A1CF65A1DE0B5B6006C7619 /* Info.plist */ = {isa = PBXFileReference; lastKnownFileType = text.plist.xml; path = Info.plist; sourceTree = "<group>"; };
		2A1CF65F1DE0B5B6006C7619 /* VastopaTests.xctest */ = {isa = PBXFileReference; explicitFileType = wrapper.cfbundle; includeInIndex = 0; path = VastopaTests.xctest; sourceTree = BUILT_PRODUCTS_DIR; };
		2A1CF6631DE0B5B6006C7619 /* VastopaTests.m */ = {isa = PBXFileReference; lastKnownFileType = sourcecode.c.objc; path = VastopaTests.m; sourceTree = "<group>"; };
		2A1CF6651DE0B5B6006C7619 /* Info.plist */ = {isa = PBXFileReference; lastKnownFileType = text.plist.xml; path = Info.plist; sourceTree = "<group>"; };
		2A1CF66A1DE0B5B6006C7619 /* VastopaUITests.xctest */ = {isa = PBXFileReference; explicitFileType = wrapper.cfbundle; includeInIndex = 0; path = VastopaUITests.xctest; sourceTree = BUILT_PRODUCTS_DIR; };
		2A1CF66E1DE0B5B6006C7619 /* VastopaUITests.m */ = {isa = PBXFileReference; lastKnownFileType = sourcecode.c.objc; path = VastopaUITests.m; sourceTree = "<group>"; };
		2A1CF6701DE0B5B6006C7619 /* Info.plist */ = {isa = PBXFileReference; lastKnownFileType = text.plist.xml; path = Info.plist; sourceTree = "<group>"; };
		2A1CF6861DE0BEBE006C7619 /* AVCustomTableViewCellsViewController.m */ = {isa = PBXFileReference; fileEncoding = 4; lastKnownFileType = sourcecode.c.objc; name = AVCustomTableViewCellsViewController.m; path = CustomTableViewCellFiles/ViewController/AVCustomTableViewCellsViewController.m; sourceTree = "<group>"; };
		2A1CF6871DE0BEBE006C7619 /* AVCustomTableViewCellsViewController.h */ = {isa = PBXFileReference; fileEncoding = 4; lastKnownFileType = sourcecode.c.h; name = AVCustomTableViewCellsViewController.h; path = CustomTableViewCellFiles/ViewController/AVCustomTableViewCellsViewController.h; sourceTree = "<group>"; };
		2A1CF68A1DE0BF77006C7619 /* Constants.h */ = {isa = PBXFileReference; lastKnownFileType = sourcecode.c.h; name = Constants.h; path = Utilities/Constants.h; sourceTree = "<group>"; };
		2A1CF68F1DE0FB88006C7619 /* AVEventWithMapTableViewCell.h */ = {isa = PBXFileReference; fileEncoding = 4; lastKnownFileType = sourcecode.c.h; name = AVEventWithMapTableViewCell.h; path = CustomTableViewCellFiles/Cells/AVEventWithMapTableViewCell.h; sourceTree = "<group>"; };
		2A1CF6901DE0FB88006C7619 /* AVEventWithMapTableViewCell.m */ = {isa = PBXFileReference; fileEncoding = 4; lastKnownFileType = sourcecode.c.objc; name = AVEventWithMapTableViewCell.m; path = CustomTableViewCellFiles/Cells/AVEventWithMapTableViewCell.m; sourceTree = "<group>"; };
		2A1CF6931DE10CC0006C7619 /* AVEvent.h */ = {isa = PBXFileReference; fileEncoding = 4; lastKnownFileType = sourcecode.c.h; name = AVEvent.h; path = CustomTableViewCellFiles/Models/AVEvent.h; sourceTree = "<group>"; };
		2A1CF6941DE10CC0006C7619 /* AVEvent.m */ = {isa = PBXFileReference; fileEncoding = 4; lastKnownFileType = sourcecode.c.objc; name = AVEvent.m; path = CustomTableViewCellFiles/Models/AVEvent.m; sourceTree = "<group>"; };
/* End PBXFileReference section */

/* Begin PBXFrameworksBuildPhase section */
		2A1CF6401DE0B5B6006C7619 /* Frameworks */ = {
			isa = PBXFrameworksBuildPhase;
			buildActionMask = 2147483647;
			files = (
			);
			runOnlyForDeploymentPostprocessing = 0;
		};
		2A1CF65C1DE0B5B6006C7619 /* Frameworks */ = {
			isa = PBXFrameworksBuildPhase;
			buildActionMask = 2147483647;
			files = (
			);
			runOnlyForDeploymentPostprocessing = 0;
		};
		2A1CF6671DE0B5B6006C7619 /* Frameworks */ = {
			isa = PBXFrameworksBuildPhase;
			buildActionMask = 2147483647;
			files = (
			);
			runOnlyForDeploymentPostprocessing = 0;
		};
/* End PBXFrameworksBuildPhase section */

/* Begin PBXGroup section */
		2A1CF63A1DE0B5B6006C7619 = {
			isa = PBXGroup;
			children = (
				2A1CF6451DE0B5B6006C7619 /* Vastopa */,
				2A1CF6621DE0B5B6006C7619 /* VastopaTests */,
				2A1CF66D1DE0B5B6006C7619 /* VastopaUITests */,
				2A1CF6441DE0B5B6006C7619 /* Products */,
			);
			sourceTree = "<group>";
		};
		2A1CF6441DE0B5B6006C7619 /* Products */ = {
			isa = PBXGroup;
			children = (
				2A1CF6431DE0B5B6006C7619 /* Vastopa.app */,
				2A1CF65F1DE0B5B6006C7619 /* VastopaTests.xctest */,
				2A1CF66A1DE0B5B6006C7619 /* VastopaUITests.xctest */,
			);
			name = Products;
			sourceTree = "<group>";
		};
		2A1CF6451DE0B5B6006C7619 /* Vastopa */ = {
			isa = PBXGroup;
			children = (
				2A1CF6891DE0BF33006C7619 /* AppDelegate */,
				2A1CF67F1DE0B9E8006C7619 /* CustomTableViewCellFiles */,
				2A1CF6461DE0B5B6006C7619 /* Supporting Files */,
				2A1CF6801DE0BB67006C7619 /* Utilities */,
				2A1CF6521DE0B5B6006C7619 /* Vastopa.xcdatamodeld */,
			);
			path = Vastopa;
			sourceTree = "<group>";
		};
		2A1CF6461DE0B5B6006C7619 /* Supporting Files */ = {
			isa = PBXGroup;
			children = (
				2A1CF6471DE0B5B6006C7619 /* main.m */,
				2A1CF64F1DE0B5B6006C7619 /* Main.storyboard */,
				2A1CF6551DE0B5B6006C7619 /* Assets.xcassets */,
				2A1CF6571DE0B5B6006C7619 /* LaunchScreen.storyboard */,
				2A1CF65A1DE0B5B6006C7619 /* Info.plist */,
			);
			name = "Supporting Files";
			sourceTree = "<group>";
		};
		2A1CF6621DE0B5B6006C7619 /* VastopaTests */ = {
			isa = PBXGroup;
			children = (
				2A1CF6631DE0B5B6006C7619 /* VastopaTests.m */,
				2A1CF6651DE0B5B6006C7619 /* Info.plist */,
			);
			path = VastopaTests;
			sourceTree = "<group>";
		};
		2A1CF66D1DE0B5B6006C7619 /* VastopaUITests */ = {
			isa = PBXGroup;
			children = (
				2A1CF66E1DE0B5B6006C7619 /* VastopaUITests.m */,
				2A1CF6701DE0B5B6006C7619 /* Info.plist */,
			);
			path = VastopaUITests;
			sourceTree = "<group>";
		};
		2A1CF67F1DE0B9E8006C7619 /* CustomTableViewCellFiles */ = {
			isa = PBXGroup;
			children = (
				2A1CF6851DE0BEA8006C7619 /* Cells */,
				2A1CF6921DE104DA006C7619 /* Models */,
				2A1CF6841DE0BE9E006C7619 /* ViewControllers */,
			);
			name = CustomTableViewCellFiles;
			sourceTree = "<group>";
		};
		2A1CF6801DE0BB67006C7619 /* Utilities */ = {
			isa = PBXGroup;
			children = (
				2A1CF68A1DE0BF77006C7619 /* Constants.h */,
			);
			name = Utilities;
			sourceTree = "<group>";
		};
		2A1CF6841DE0BE9E006C7619 /* ViewControllers */ = {
			isa = PBXGroup;
			children = (
				2A1CF6871DE0BEBE006C7619 /* AVCustomTableViewCellsViewController.h */,
				2A1CF6861DE0BEBE006C7619 /* AVCustomTableViewCellsViewController.m */,
			);
			name = ViewControllers;
			sourceTree = "<group>";
		};
		2A1CF6851DE0BEA8006C7619 /* Cells */ = {
			isa = PBXGroup;
			children = (
				2A1CF68F1DE0FB88006C7619 /* AVEventWithMapTableViewCell.h */,
				2A1CF6901DE0FB88006C7619 /* AVEventWithMapTableViewCell.m */,
			);
			name = Cells;
			sourceTree = "<group>";
		};
		2A1CF6891DE0BF33006C7619 /* AppDelegate */ = {
			isa = PBXGroup;
			children = (
				2A1CF6491DE0B5B6006C7619 /* AppDelegate.h */,
				2A1CF64A1DE0B5B6006C7619 /* AppDelegate.m */,
			);
			name = AppDelegate;
			sourceTree = "<group>";
		};
		2A1CF6921DE104DA006C7619 /* Models */ = {
			isa = PBXGroup;
			children = (
				2A1CF6931DE10CC0006C7619 /* AVEvent.h */,
				2A1CF6941DE10CC0006C7619 /* AVEvent.m */,
			);
			name = Models;
			sourceTree = "<group>";
		};
/* End PBXGroup section */

/* Begin PBXNativeTarget section */
		2A1CF6421DE0B5B6006C7619 /* Vastopa */ = {
			isa = PBXNativeTarget;
			buildConfigurationList = 2A1CF6731DE0B5B6006C7619 /* Build configuration list for PBXNativeTarget "Vastopa" */;
			buildPhases = (
				2A1CF63F1DE0B5B6006C7619 /* Sources */,
				2A1CF6401DE0B5B6006C7619 /* Frameworks */,
				2A1CF6411DE0B5B6006C7619 /* Resources */,
			);
			buildRules = (
			);
			dependencies = (
			);
			name = Vastopa;
			productName = Vastopa;
			productReference = 2A1CF6431DE0B5B6006C7619 /* Vastopa.app */;
			productType = "com.apple.product-type.application";
		};
		2A1CF65E1DE0B5B6006C7619 /* VastopaTests */ = {
			isa = PBXNativeTarget;
			buildConfigurationList = 2A1CF6761DE0B5B6006C7619 /* Build configuration list for PBXNativeTarget "VastopaTests" */;
			buildPhases = (
				2A1CF65B1DE0B5B6006C7619 /* Sources */,
				2A1CF65C1DE0B5B6006C7619 /* Frameworks */,
				2A1CF65D1DE0B5B6006C7619 /* Resources */,
			);
			buildRules = (
			);
			dependencies = (
				2A1CF6611DE0B5B6006C7619 /* PBXTargetDependency */,
			);
			name = VastopaTests;
			productName = VastopaTests;
			productReference = 2A1CF65F1DE0B5B6006C7619 /* VastopaTests.xctest */;
			productType = "com.apple.product-type.bundle.unit-test";
		};
		2A1CF6691DE0B5B6006C7619 /* VastopaUITests */ = {
			isa = PBXNativeTarget;
			buildConfigurationList = 2A1CF6791DE0B5B6006C7619 /* Build configuration list for PBXNativeTarget "VastopaUITests" */;
			buildPhases = (
				2A1CF6661DE0B5B6006C7619 /* Sources */,
				2A1CF6671DE0B5B6006C7619 /* Frameworks */,
				2A1CF6681DE0B5B6006C7619 /* Resources */,
			);
			buildRules = (
			);
			dependencies = (
				2A1CF66C1DE0B5B6006C7619 /* PBXTargetDependency */,
			);
			name = VastopaUITests;
			productName = VastopaUITests;
			productReference = 2A1CF66A1DE0B5B6006C7619 /* VastopaUITests.xctest */;
			productType = "com.apple.product-type.bundle.ui-testing";
		};
/* End PBXNativeTarget section */

/* Begin PBXProject section */
		2A1CF63B1DE0B5B6006C7619 /* Project object */ = {
			isa = PBXProject;
			attributes = {
				LastUpgradeCheck = 0730;
				ORGANIZATIONNAME = wwfe;
				TargetAttributes = {
					2A1CF6421DE0B5B6006C7619 = {
						CreatedOnToolsVersion = 7.3.1;
					};
					2A1CF65E1DE0B5B6006C7619 = {
						CreatedOnToolsVersion = 7.3.1;
						TestTargetID = 2A1CF6421DE0B5B6006C7619;
					};
					2A1CF6691DE0B5B6006C7619 = {
						CreatedOnToolsVersion = 7.3.1;
						TestTargetID = 2A1CF6421DE0B5B6006C7619;
					};
				};
			};
			buildConfigurationList = 2A1CF63E1DE0B5B6006C7619 /* Build configuration list for PBXProject "Vastopa" */;
			compatibilityVersion = "Xcode 3.2";
			developmentRegion = English;
			hasScannedForEncodings = 0;
			knownRegions = (
				en,
				Base,
			);
			mainGroup = 2A1CF63A1DE0B5B6006C7619;
			productRefGroup = 2A1CF6441DE0B5B6006C7619 /* Products */;
			projectDirPath = "";
			projectRoot = "";
			targets = (
				2A1CF6421DE0B5B6006C7619 /* Vastopa */,
				2A1CF65E1DE0B5B6006C7619 /* VastopaTests */,
				2A1CF6691DE0B5B6006C7619 /* VastopaUITests */,
			);
		};
/* End PBXProject section */

/* Begin PBXResourcesBuildPhase section */
		2A1CF6411DE0B5B6006C7619 /* Resources */ = {
			isa = PBXResourcesBuildPhase;
			buildActionMask = 2147483647;
			files = (
				2A1CF6591DE0B5B6006C7619 /* LaunchScreen.storyboard in Resources */,
				2A1CF6561DE0B5B6006C7619 /* Assets.xcassets in Resources */,
				2A1CF6511DE0B5B6006C7619 /* Main.storyboard in Resources */,
			);
			runOnlyForDeploymentPostprocessing = 0;
		};
		2A1CF65D1DE0B5B6006C7619 /* Resources */ = {
			isa = PBXResourcesBuildPhase;
			buildActionMask = 2147483647;
			files = (
			);
			runOnlyForDeploymentPostprocessing = 0;
		};
		2A1CF6681DE0B5B6006C7619 /* Resources */ = {
			isa = PBXResourcesBuildPhase;
			buildActionMask = 2147483647;
			files = (
			);
			runOnlyForDeploymentPostprocessing = 0;
		};
/* End PBXResourcesBuildPhase section */

/* Begin PBXSourcesBuildPhase section */
		2A1CF63F1DE0B5B6006C7619 /* Sources */ = {
			isa = PBXSourcesBuildPhase;
			buildActionMask = 2147483647;
			files = (
				2A1CF6881DE0BEBE006C7619 /* AVCustomTableViewCellsViewController.m in Sources */,
				2A1CF64B1DE0B5B6006C7619 /* AppDelegate.m in Sources */,
				2A1CF6911DE0FB88006C7619 /* AVEventWithMapTableViewCell.m in Sources */,
				2A1CF6951DE10CC0006C7619 /* AVEvent.m in Sources */,
				2A1CF6541DE0B5B6006C7619 /* Vastopa.xcdatamodeld in Sources */,
				2A1CF6481DE0B5B6006C7619 /* main.m in Sources */,
			);
			runOnlyForDeploymentPostprocessing = 0;
		};
		2A1CF65B1DE0B5B6006C7619 /* Sources */ = {
			isa = PBXSourcesBuildPhase;
			buildActionMask = 2147483647;
			files = (
				2A1CF6641DE0B5B6006C7619 /* VastopaTests.m in Sources */,
			);
			runOnlyForDeploymentPostprocessing = 0;
		};
		2A1CF6661DE0B5B6006C7619 /* Sources */ = {
			isa = PBXSourcesBuildPhase;
			buildActionMask = 2147483647;
			files = (
				2A1CF66F1DE0B5B6006C7619 /* VastopaUITests.m in Sources */,
			);
			runOnlyForDeploymentPostprocessing = 0;
		};
/* End PBXSourcesBuildPhase section */

/* Begin PBXTargetDependency section */
		2A1CF6611DE0B5B6006C7619 /* PBXTargetDependency */ = {
			isa = PBXTargetDependency;
			target = 2A1CF6421DE0B5B6006C7619 /* Vastopa */;
			targetProxy = 2A1CF6601DE0B5B6006C7619 /* PBXContainerItemProxy */;
		};
		2A1CF66C1DE0B5B6006C7619 /* PBXTargetDependency */ = {
			isa = PBXTargetDependency;
			target = 2A1CF6421DE0B5B6006C7619 /* Vastopa */;
			targetProxy = 2A1CF66B1DE0B5B6006C7619 /* PBXContainerItemProxy */;
		};
/* End PBXTargetDependency section */

/* Begin PBXVariantGroup section */
		2A1CF64F1DE0B5B6006C7619 /* Main.storyboard */ = {
			isa = PBXVariantGroup;
			children = (
				2A1CF6501DE0B5B6006C7619 /* Base */,
			);
			name = Main.storyboard;
			sourceTree = "<group>";
		};
		2A1CF6571DE0B5B6006C7619 /* LaunchScreen.storyboard */ = {
			isa = PBXVariantGroup;
			children = (
				2A1CF6581DE0B5B6006C7619 /* Base */,
			);
			name = LaunchScreen.storyboard;
			sourceTree = "<group>";
		};
/* End PBXVariantGroup section */

/* Begin XCBuildConfiguration section */
		2A1CF6711DE0B5B6006C7619 /* Debug */ = {
			isa = XCBuildConfiguration;
			buildSettings = {
				ALWAYS_SEARCH_USER_PATHS = NO;
				CLANG_ANALYZER_NONNULL = YES;
				CLANG_CXX_LANGUAGE_STANDARD = "gnu++0x";
				CLANG_CXX_LIBRARY = "libc++";
				CLANG_ENABLE_MODULES = YES;
				CLANG_ENABLE_OBJC_ARC = YES;
				CLANG_WARN_BOOL_CONVERSION = YES;
				CLANG_WARN_CONSTANT_CONVERSION = YES;
				CLANG_WARN_DIRECT_OBJC_ISA_USAGE = YES_ERROR;
				CLANG_WARN_EMPTY_BODY = YES;
				CLANG_WARN_ENUM_CONVERSION = YES;
				CLANG_WARN_INT_CONVERSION = YES;
				CLANG_WARN_OBJC_ROOT_CLASS = YES_ERROR;
				CLANG_WARN_UNREACHABLE_CODE = YES;
				CLANG_WARN__DUPLICATE_METHOD_MATCH = YES;
				"CODE_SIGN_IDENTITY[sdk=iphoneos*]" = "iPhone Developer";
				COPY_PHASE_STRIP = NO;
				DEBUG_INFORMATION_FORMAT = dwarf;
				ENABLE_STRICT_OBJC_MSGSEND = YES;
				ENABLE_TESTABILITY = YES;
				GCC_C_LANGUAGE_STANDARD = gnu99;
				GCC_DYNAMIC_NO_PIC = NO;
				GCC_NO_COMMON_BLOCKS = YES;
				GCC_OPTIMIZATION_LEVEL = 0;
				GCC_PREPROCESSOR_DEFINITIONS = (
					"DEBUG=1",
					"$(inherited)",
				);
				GCC_WARN_64_TO_32_BIT_CONVERSION = YES;
				GCC_WARN_ABOUT_RETURN_TYPE = YES_ERROR;
				GCC_WARN_UNDECLARED_SELECTOR = YES;
				GCC_WARN_UNINITIALIZED_AUTOS = YES_AGGRESSIVE;
				GCC_WARN_UNUSED_FUNCTION = YES;
				GCC_WARN_UNUSED_VARIABLE = YES;
				IPHONEOS_DEPLOYMENT_TARGET = 9.3;
				MTL_ENABLE_DEBUG_INFO = YES;
				ONLY_ACTIVE_ARCH = YES;
				SDKROOT = iphoneos;
				TARGETED_DEVICE_FAMILY = "1,2";
			};
			name = Debug;
		};
		2A1CF6721DE0B5B6006C7619 /* Release */ = {
			isa = XCBuildConfiguration;
			buildSettings = {
				ALWAYS_SEARCH_USER_PATHS = NO;
				CLANG_ANALYZER_NONNULL = YES;
				CLANG_CXX_LANGUAGE_STANDARD = "gnu++0x";
				CLANG_CXX_LIBRARY = "libc++";
				CLANG_ENABLE_MODULES = YES;
				CLANG_ENABLE_OBJC_ARC = YES;
				CLANG_WARN_BOOL_CONVERSION = YES;
				CLANG_WARN_CONSTANT_CONVERSION = YES;
				CLANG_WARN_DIRECT_OBJC_ISA_USAGE = YES_ERROR;
				CLANG_WARN_EMPTY_BODY = YES;
				CLANG_WARN_ENUM_CONVERSION = YES;
				CLANG_WARN_INT_CONVERSION = YES;
				CLANG_WARN_OBJC_ROOT_CLASS = YES_ERROR;
				CLANG_WARN_UNREACHABLE_CODE = YES;
				CLANG_WARN__DUPLICATE_METHOD_MATCH = YES;
				"CODE_SIGN_IDENTITY[sdk=iphoneos*]" = "iPhone Developer";
				COPY_PHASE_STRIP = NO;
				DEBUG_INFORMATION_FORMAT = "dwarf-with-dsym";
				ENABLE_NS_ASSERTIONS = NO;
				ENABLE_STRICT_OBJC_MSGSEND = YES;
				GCC_C_LANGUAGE_STANDARD = gnu99;
				GCC_NO_COMMON_BLOCKS = YES;
				GCC_WARN_64_TO_32_BIT_CONVERSION = YES;
				GCC_WARN_ABOUT_RETURN_TYPE = YES_ERROR;
				GCC_WARN_UNDECLARED_SELECTOR = YES;
				GCC_WARN_UNINITIALIZED_AUTOS = YES_AGGRESSIVE;
				GCC_WARN_UNUSED_FUNCTION = YES;
				GCC_WARN_UNUSED_VARIABLE = YES;
				IPHONEOS_DEPLOYMENT_TARGET = 9.3;
				MTL_ENABLE_DEBUG_INFO = NO;
				SDKROOT = iphoneos;
				TARGETED_DEVICE_FAMILY = "1,2";
				VALIDATE_PRODUCT = YES;
			};
			name = Release;
		};
		2A1CF6741DE0B5B6006C7619 /* Debug */ = {
			isa = XCBuildConfiguration;
			buildSettings = {
				ASSETCATALOG_COMPILER_APPICON_NAME = AppIcon;
				INFOPLIST_FILE = Vastopa/Info.plist;
				LD_RUNPATH_SEARCH_PATHS = "$(inherited) @executable_path/Frameworks";
				PRODUCT_BUNDLE_IDENTIFIER = wwfe.Vastopa;
				PRODUCT_NAME = "$(TARGET_NAME)";
			};
			name = Debug;
		};
		2A1CF6751DE0B5B6006C7619 /* Release */ = {
			isa = XCBuildConfiguration;
			buildSettings = {
				ASSETCATALOG_COMPILER_APPICON_NAME = AppIcon;
				INFOPLIST_FILE = Vastopa/Info.plist;
				LD_RUNPATH_SEARCH_PATHS = "$(inherited) @executable_path/Frameworks";
				PRODUCT_BUNDLE_IDENTIFIER = wwfe.Vastopa;
				PRODUCT_NAME = "$(TARGET_NAME)";
			};
			name = Release;
		};
		2A1CF6771DE0B5B6006C7619 /* Debug */ = {
			isa = XCBuildConfiguration;
			buildSettings = {
				BUNDLE_LOADER = "$(TEST_HOST)";
				INFOPLIST_FILE = VastopaTests/Info.plist;
				LD_RUNPATH_SEARCH_PATHS = "$(inherited) @executable_path/Frameworks @loader_path/Frameworks";
				PRODUCT_BUNDLE_IDENTIFIER = wwfe.VastopaTests;
				PRODUCT_NAME = "$(TARGET_NAME)";
				TEST_HOST = "$(BUILT_PRODUCTS_DIR)/Vastopa.app/Vastopa";
			};
			name = Debug;
		};
		2A1CF6781DE0B5B6006C7619 /* Release */ = {
			isa = XCBuildConfiguration;
			buildSettings = {
				BUNDLE_LOADER = "$(TEST_HOST)";
				INFOPLIST_FILE = VastopaTests/Info.plist;
				LD_RUNPATH_SEARCH_PATHS = "$(inherited) @executable_path/Frameworks @loader_path/Frameworks";
				PRODUCT_BUNDLE_IDENTIFIER = wwfe.VastopaTests;
				PRODUCT_NAME = "$(TARGET_NAME)";
				TEST_HOST = "$(BUILT_PRODUCTS_DIR)/Vastopa.app/Vastopa";
			};
			name = Release;
		};
		2A1CF67A1DE0B5B6006C7619 /* Debug */ = {
			isa = XCBuildConfiguration;
			buildSettings = {
				INFOPLIST_FILE = VastopaUITests/Info.plist;
				LD_RUNPATH_SEARCH_PATHS = "$(inherited) @executable_path/Frameworks @loader_path/Frameworks";
				PRODUCT_BUNDLE_IDENTIFIER = wwfe.VastopaUITests;
				PRODUCT_NAME = "$(TARGET_NAME)";
				TEST_TARGET_NAME = Vastopa;
			};
			name = Debug;
		};
		2A1CF67B1DE0B5B6006C7619 /* Release */ = {
			isa = XCBuildConfiguration;
			buildSettings = {
				INFOPLIST_FILE = VastopaUITests/Info.plist;
				LD_RUNPATH_SEARCH_PATHS = "$(inherited) @executable_path/Frameworks @loader_path/Frameworks";
				PRODUCT_BUNDLE_IDENTIFIER = wwfe.VastopaUITests;
				PRODUCT_NAME = "$(TARGET_NAME)";
				TEST_TARGET_NAME = Vastopa;
			};
			name = Release;
		};
/* End XCBuildConfiguration section */

/* Begin XCConfigurationList section */
		2A1CF63E1DE0B5B6006C7619 /* Build configuration list for PBXProject "Vastopa" */ = {
			isa = XCConfigurationList;
			buildConfigurations = (
				2A1CF6711DE0B5B6006C7619 /* Debug */,
				2A1CF6721DE0B5B6006C7619 /* Release */,
			);
			defaultConfigurationIsVisible = 0;
			defaultConfigurationName = Release;
		};
		2A1CF6731DE0B5B6006C7619 /* Build configuration list for PBXNativeTarget "Vastopa" */ = {
			isa = XCConfigurationList;
			buildConfigurations = (
				2A1CF6741DE0B5B6006C7619 /* Debug */,
				2A1CF6751DE0B5B6006C7619 /* Release */,
			);
			defaultConfigurationIsVisible = 0;
		};
		2A1CF6761DE0B5B6006C7619 /* Build configuration list for PBXNativeTarget "VastopaTests" */ = {
			isa = XCConfigurationList;
			buildConfigurations = (
				2A1CF6771DE0B5B6006C7619 /* Debug */,
				2A1CF6781DE0B5B6006C7619 /* Release */,
			);
			defaultConfigurationIsVisible = 0;
		};
		2A1CF6791DE0B5B6006C7619 /* Build configuration list for PBXNativeTarget "VastopaUITests" */ = {
			isa = XCConfigurationList;
			buildConfigurations = (
				2A1CF67A1DE0B5B6006C7619 /* Debug */,
				2A1CF67B1DE0B5B6006C7619 /* Release */,
			);
			defaultConfigurationIsVisible = 0;
		};
/* End XCConfigurationList section */

/* Begin XCVersionGroup section */
		2A1CF6521DE0B5B6006C7619 /* Vastopa.xcdatamodeld */ = {
			isa = XCVersionGroup;
			children = (
				2A1CF6531DE0B5B6006C7619 /* Vastopa.xcdatamodel */,
			);
			currentVersion = 2A1CF6531DE0B5B6006C7619 /* Vastopa.xcdatamodel */;
			path = Vastopa.xcdatamodeld;
			sourceTree = "<group>";
			versionGroupType = wrapper.xcdatamodel;
		};
/* End XCVersionGroup section */
	};
	rootObject = 2A1CF63B1DE0B5B6006C7619 /* Project object */;
}
